
Microsoft Visual Studio Solution File, Format Version 12.00
# Visual Studio Version 16
VisualStudioVersion = 16.0.32106.194
MinimumVisualStudioVersion = 10.0.40219.1
Project("{FAE04EC0-301F-11D3-BF4B-00C04F79EFBC}") = "Class Practice", "Class Practice\Class Practice.csproj", "{65565CCC-F38F-444E-88FE-8BF0A07E9B0A}"
EndProject
Global
	GlobalSection(SolutionConfigurationPlatforms) = preSolution
		Debug|Any CPU = Debug|Any CPU
		Release|Any CPU = Release|Any CPU
	EndGlobalSection
	GlobalSection(ProjectConfigurationPlatforms) = postSolution
		{65565CCC-F38F-444E-88FE-8BF0A07E9B0A}.Debug|Any CPU.ActiveCfg = Debug|Any CPU
		{65565CCC-F38F-444E-88FE-8BF0A07E9B0A}.Debug|Any CPU.Build.0 = Debug|Any CPU
		{65565CCC-F38F-444E-88FE-8BF0A07E9B0A}.Release|Any CPU.ActiveCfg = Release|Any CPU
		{65565CCC-F38F-444E-88FE-8BF0A07E9B0A}.Release|Any CPU.Build.0 = Release|Any CPU
	EndGlobalSection
	GlobalSection(SolutionProperties) = preSolution
		HideSolutionNode = FALSE
	EndGlobalSection
	GlobalSection(ExtensibilityGlobals) = postSolution
		SolutionGuid = {61EFF38A-9DC9-4B4A-88DE-BAE32341C885}
	EndGlobalSection
EndGlobal
